
Microsoft Visual Studio Solution File, Format Version 12.00
# Visual Studio Version 17
VisualStudioVersion = 17.3.32922.545
MinimumVisualStudioVersion = 10.0.40219.1
Project("{FAE04EC0-301F-11D3-BF4B-00C04F79EFBC}") = "WpfContas", "WpfContas\WpfContas.csproj", "{251AF75C-0AC3-4718-9A99-0077E272F700}"
EndProject
Project("{9A19103F-16F7-4668-BE54-9A1E7A4F7556}") = "Contas.Tests", "Contas.Tests\Contas.Tests.csproj", "{C9F581BF-016F-46B2-9E63-CD14F674712D}"
EndProject
Project("{9A19103F-16F7-4668-BE54-9A1E7A4F7556}") = "TestProjectXUnit", "TestProjectXUnit\TestProjectXUnit.csproj", "{096F0F9A-5FF6-486B-B87F-8D6E77CE2F44}"
EndProject
Global
	GlobalSection(SolutionConfigurationPlatforms) = preSolution
		Debug|Any CPU = Debug|Any CPU
		Debug|x64 = Debug|x64
		Debug|x86 = Debug|x86
		Release|Any CPU = Release|Any CPU
		Release|x64 = Release|x64
		Release|x86 = Release|x86
	EndGlobalSection
	GlobalSection(ProjectConfigurationPlatforms) = postSolution
		{251AF75C-0AC3-4718-9A99-0077E272F700}.Debug|Any CPU.ActiveCfg = Debug|Any CPU
		{251AF75C-0AC3-4718-9A99-0077E272F700}.Debug|Any CPU.Build.0 = Debug|Any CPU
		{251AF75C-0AC3-4718-9A99-0077E272F700}.Debug|x64.ActiveCfg = Debug|Any CPU
		{251AF75C-0AC3-4718-9A99-0077E272F700}.Debug|x64.Build.0 = Debug|Any CPU
		{251AF75C-0AC3-4718-9A99-0077E272F700}.Debug|x86.ActiveCfg = Debug|Any CPU
		{251AF75C-0AC3-4718-9A99-0077E272F700}.Debug|x86.Build.0 = Debug|Any CPU
		{251AF75C-0AC3-4718-9A99-0077E272F700}.Release|Any CPU.ActiveCfg = Release|Any CPU
		{251AF75C-0AC3-4718-9A99-0077E272F700}.Release|Any CPU.Build.0 = Release|Any CPU
		{251AF75C-0AC3-4718-9A99-0077E272F700}.Release|x64.ActiveCfg = Release|Any CPU
		{251AF75C-0AC3-4718-9A99-0077E272F700}.Release|x64.Build.0 = Release|Any CPU
		{251AF75C-0AC3-4718-9A99-0077E272F700}.Release|x86.ActiveCfg = Release|Any CPU
		{251AF75C-0AC3-4718-9A99-0077E272F700}.Release|x86.Build.0 = Release|Any CPU
		{C9F581BF-016F-46B2-9E63-CD14F674712D}.Debug|Any CPU.ActiveCfg = Debug|Any CPU
		{C9F581BF-016F-46B2-9E63-CD14F674712D}.Debug|Any CPU.Build.0 = Debug|Any CPU
		{C9F581BF-016F-46B2-9E63-CD14F674712D}.Debug|x64.ActiveCfg = Debug|x64
		{C9F581BF-016F-46B2-9E63-CD14F674712D}.Debug|x64.Build.0 = Debug|x64
		{C9F581BF-016F-46B2-9E63-CD14F674712D}.Debug|x86.ActiveCfg = Debug|Any CPU
		{C9F581BF-016F-46B2-9E63-CD14F674712D}.Debug|x86.Build.0 = Debug|Any CPU
		{C9F581BF-016F-46B2-9E63-CD14F674712D}.Release|Any CPU.ActiveCfg = Release|Any CPU
		{C9F581BF-016F-46B2-9E63-CD14F674712D}.Release|Any CPU.Build.0 = Release|Any CPU
		{C9F581BF-016F-46B2-9E63-CD14F674712D}.Release|x64.ActiveCfg = Release|x64
		{C9F581BF-016F-46B2-9E63-CD14F674712D}.Release|x64.Build.0 = Release|x64
		{C9F581BF-016F-46B2-9E63-CD14F674712D}.Release|x86.ActiveCfg = Release|Any CPU
		{C9F581BF-016F-46B2-9E63-CD14F674712D}.Release|x86.Build.0 = Release|Any CPU
		{096F0F9A-5FF6-486B-B87F-8D6E77CE2F44}.Debug|Any CPU.ActiveCfg = Debug|Any CPU
		{096F0F9A-5FF6-486B-B87F-8D6E77CE2F44}.Debug|Any CPU.Build.0 = Debug|Any CPU
		{096F0F9A-5FF6-486B-B87F-8D6E77CE2F44}.Debug|x64.ActiveCfg = Debug|Any CPU
		{096F0F9A-5FF6-486B-B87F-8D6E77CE2F44}.Debug|x64.Build.0 = Debug|Any CPU
		{096F0F9A-5FF6-486B-B87F-8D6E77CE2F44}.Debug|x86.ActiveCfg = Debug|x86
		{096F0F9A-5FF6-486B-B87F-8D6E77CE2F44}.Debug|x86.Build.0 = Debug|x86
		{096F0F9A-5FF6-486B-B87F-8D6E77CE2F44}.Release|Any CPU.ActiveCfg = Release|Any CPU
		{096F0F9A-5FF6-486B-B87F-8D6E77CE2F44}.Release|Any CPU.Build.0 = Release|Any CPU
		{096F0F9A-5FF6-486B-B87F-8D6E77CE2F44}.Release|x64.ActiveCfg = Release|Any CPU
		{096F0F9A-5FF6-486B-B87F-8D6E77CE2F44}.Release|x64.Build.0 = Release|Any CPU
		{096F0F9A-5FF6-486B-B87F-8D6E77CE2F44}.Release|x86.ActiveCfg = Release|x86
		{096F0F9A-5FF6-486B-B87F-8D6E77CE2F44}.Release|x86.Build.0 = Release|x86
	EndGlobalSection
	GlobalSection(SolutionProperties) = preSolution
		HideSolutionNode = FALSE
	EndGlobalSection
	GlobalSection(ExtensibilityGlobals) = postSolution
		SolutionGuid = {6F0FD320-10A5-46E4-9717-577A5B7EE38C}
	EndGlobalSection
EndGlobal
